
Microsoft Visual Studio Solution File, Format Version 12.00
# Visual Studio Version 17
VisualStudioVersion = 17.10.35004.147
MinimumVisualStudioVersion = 10.0.40219.1
Project("{FAE04EC0-301F-11D3-BF4B-00C04F79EFBC}") = "MauiTask", "MauiTask.csproj", "{09AA19A5-85A2-4C9B-B058-C60DFCA3AAF0}"
EndProject
Global
	GlobalSection(SolutionConfigurationPlatforms) = preSolution
		Debug|Any CPU = Debug|Any CPU
		Release|Any CPU = Release|Any CPU
	EndGlobalSection
	GlobalSection(ProjectConfigurationPlatforms) = postSolution
		{09AA19A5-85A2-4C9B-B058-C60DFCA3AAF0}.Debug|Any CPU.ActiveCfg = Debug|Any CPU
		{09AA19A5-85A2-4C9B-B058-C60DFCA3AAF0}.Debug|Any CPU.Build.0 = Debug|Any CPU
		{09AA19A5-85A2-4C9B-B058-C60DFCA3AAF0}.Debug|Any CPU.Deploy.0 = Debug|Any CPU
		{09AA19A5-85A2-4C9B-B058-C60DFCA3AAF0}.Release|Any CPU.ActiveCfg = Release|Any CPU
		{09AA19A5-85A2-4C9B-B058-C60DFCA3AAF0}.Release|Any CPU.Build.0 = Release|Any CPU
		{09AA19A5-85A2-4C9B-B058-C60DFCA3AAF0}.Release|Any CPU.Deploy.0 = Release|Any CPU
	EndGlobalSection
	GlobalSection(SolutionProperties) = preSolution
		HideSolutionNode = FALSE
	EndGlobalSection
	GlobalSection(ExtensibilityGlobals) = postSolution
		SolutionGuid = {615BC6AF-0976-4963-A5BA-930FA478EE72}
	EndGlobalSection
EndGlobal
